{
  "version": 1,
  "dependencies": {
    "net8.0": {
      "Lumina": {
        "type": "Direct",
        "requested": "[5.6.0, )",
        "resolved": "5.6.0",
        "contentHash": "Ugq7eY0ZrUxtqqfg9m4S+3fF5agU6pB+EIHqEMSGO5MH1b+xKCL/5hHWY+bEB6aRnDlEAmSGhx703z5bMOCqZg==",
        "dependencies": {
          "Microsoft.Extensions.ObjectPool": "8.0.7"
        }
      },
      "Newtonsoft.Json": {
        "type": "Direct",
        "requested": "[13.0.3, )",
        "resolved": "13.0.3",
        "contentHash": "HrC5BXdl00IP9zeV+0Z848QWPAoCr9P3bDEZguI+gkLcBKAOxix/tLEAAHC+UvDNPv4a2d18lOReHMOagPa+zQ=="
      },
      "XIVCalc.Lumina": {
        "type": "Direct",
        "requested": "[7.1.3, )",
        "resolved": "7.1.3",
        "contentHash": "Vh3UM6RB3FkbE5EUF5HsfhfKe1SicXOy67Xw3b+MqO3MK7oAG7Owi4zFukkZotwsf1N5Vp9bT3o/u5Vkk6dqRg==",
        "dependencies": {
          "Lumina.Excel": "7.1.3",
          "XIVCalc": "0.3.1"
        }
      },
      "Lumina.Excel": {
        "type": "Transitive",
        "resolved": "7.1.3",
        "contentHash": "fEYaSEbRPknwpSyB4cSqXMUr9oRD7citBhOY3Ib5tZlKILvKPoCCNvorcn7CzaFvg5p7cQf/6+ec1DQPj0niFw==",
        "dependencies": {
          "Lumina": "0.0.0-preview.0"
        }
      },
      "Microsoft.Extensions.ObjectPool": {
        "type": "Transitive",
        "resolved": "8.0.7",
        "contentHash": "2yLweyqmpuuFSRo+I3sLHMxmnAgNcI537kBJiyv49U2ZEqo00jZcG8lrnD8uCiOJp9IklYyTZULtbsXoFVzsjQ=="
      },
      "XIVCalc": {
        "type": "Transitive",
        "resolved": "0.3.1",
        "contentHash": "RqVwlVRK1dihoU7cadMidzKBdq89zFgbYhTbs9E1nfp1k3SiOKEWzZhXqkNbp6SpvXPmTrHzxzgz8l+wLApdtw=="
      }
    }
  }
}