{
  "version": 1,
  "dependencies": {
    "net9.0": {
      "Newtonsoft.Json": {
        "type": "Direct",
        "requested": "[13.0.3, )",
        "resolved": "13.0.3",
        "contentHash": "HrC5BXdl00IP9zeV+0Z848QWPAoCr9P3bDEZguI+gkLcBKAOxix/tLEAAHC+UvDNPv4a2d18lOReHMOagPa+zQ=="
      },
      "XIVCalc.Lumina": {
        "type": "Direct",
        "requested": "[7.2.1, )",
        "resolved": "7.2.1",
        "contentHash": "XXI4WZEN8OcG5HOGsZJuGxlmCUaVIB09ORoV6IP6g/4gl2hsqH5xE22P2kAJW1aQbGiJ0SQ4HDE9GAq3A8zV+Q==",
        "dependencies": {
          "Lumina.Excel": "7.2.1",
          "XIVCalc": "0.3.1"
        }
      },
      "Lumina": {
        "type": "Transitive",
        "resolved": "5.6.1",
        "contentHash": "r9b/xqmQFO1Gaf6pmiArCyotF2OA1RAS/EdSXwdo+gE61PKNU+I36EkkAiQwo8HAoDaxc6hcFhvBWIAYvJ9NBg==",
        "dependencies": {
          "Microsoft.Extensions.ObjectPool": "8.0.7"
        }
      },
      "Lumina.Excel": {
        "type": "Transitive",
        "resolved": "7.2.1",
        "contentHash": "ZLl/DeSeTeb16A35Ay1oBk+OsRF6vUE0LbWurpwKrC5r5l3t+XNOkNsoo4MWYNCen/USdECaD0jquggMC9x5jw==",
        "dependencies": {
          "Lumina": "5.6.1"
        }
      },
      "Microsoft.Extensions.ObjectPool": {
        "type": "Transitive",
        "resolved": "8.0.7",
        "contentHash": "2yLweyqmpuuFSRo+I3sLHMxmnAgNcI537kBJiyv49U2ZEqo00jZcG8lrnD8uCiOJp9IklYyTZULtbsXoFVzsjQ=="
      },
      "XIVCalc": {
        "type": "Transitive",
        "resolved": "0.3.1",
        "contentHash": "RqVwlVRK1dihoU7cadMidzKBdq89zFgbYhTbs9E1nfp1k3SiOKEWzZhXqkNbp6SpvXPmTrHzxzgz8l+wLApdtw=="
      }
    }
  }
}