{
  "version": 1,
  "dependencies": {
    "net8.0": {
      "Newtonsoft.Json": {
        "type": "Direct",
        "requested": "[13.0.3, )",
        "resolved": "13.0.3",
        "contentHash": "HrC5BXdl00IP9zeV+0Z848QWPAoCr9P3bDEZguI+gkLcBKAOxix/tLEAAHC+UvDNPv4a2d18lOReHMOagPa+zQ=="
      },
      "XIVCalc.Lumina": {
        "type": "Direct",
        "requested": "[7.1.0, )",
        "resolved": "7.1.0",
        "contentHash": "1BSOkEJHfJyTGMVSwNll/G3jrAKXomPOUgqOlDP8q24CRmjiL/Whj7i/EdrjUmWSytIl4NkAjGKqMi+qK0NHnQ==",
        "dependencies": {
          "Lumina.Excel": "7.1.0",
          "XIVCalc": "0.3.0"
        }
      },
      "Lumina": {
        "type": "Transitive",
        "resolved": "5.2.1",
        "contentHash": "WQld2p7eWfcItfxjFwvySpiuUCT+fmJWh9GdCHgKS7vOjYGhPH6SWq6gh0ie+vHp0eaSIB2Tigv6i4qKT+HRSA==",
        "dependencies": {
          "Microsoft.Extensions.ObjectPool": "8.0.7"
        }
      },
      "Lumina.Excel": {
        "type": "Transitive",
        "resolved": "7.1.0",
        "contentHash": "rDlA336de7au4VKiEv8XhnmWSLqpJLrcRE9rGeJATj27lljm9aPkERPavifu0bWyrIy0GGhpan2w1dMJw8I25A==",
        "dependencies": {
          "Lumina": "5.2.1"
        }
      },
      "Microsoft.Extensions.ObjectPool": {
        "type": "Transitive",
        "resolved": "8.0.7",
        "contentHash": "2yLweyqmpuuFSRo+I3sLHMxmnAgNcI537kBJiyv49U2ZEqo00jZcG8lrnD8uCiOJp9IklYyTZULtbsXoFVzsjQ=="
      },
      "XIVCalc": {
        "type": "Transitive",
        "resolved": "0.3.0",
        "contentHash": "fzA198DWZyEJF04qfIxmtQWLD6E/YiTHFmi84nVmtaclFnn52eeQ0h13yoM8uWmaScX0Ypc9jTw0+KD96jgshw=="
      }
    }
  }
}