{
  "version": 1,
  "dependencies": {
    "net7.0": {
      "Koenari.XIVCalc": {
        "type": "Direct",
        "requested": "[0.1.2, )",
        "resolved": "0.1.2",
        "contentHash": "IgAy4ard2i+9E1Y3x2LIIM7tV3SqD4ZIcYceo5RMAO/qR4RqxjOf4LPaKvfi5zxOsK1GrWwt6VwuwyusdV8mpQ==",
        "dependencies": {
          "Lumina.Excel": "6.2.1"
        }
      },
      "Lumina.Excel": {
        "type": "Direct",
        "requested": "[6.4.0, )",
        "resolved": "6.4.0",
        "contentHash": "BzkxwTFZC8449GS1dIiK9m+WLsPLykCSfW4nzj2Bx2lpTbBrXk2jUdlQG+iAbHWemfOB/lVWsr8vnspEoFPdEw==",
        "dependencies": {
          "Lumina": "3.10.0"
        }
      },
      "Newtonsoft.Json": {
        "type": "Direct",
        "requested": "[13.0.3, )",
        "resolved": "13.0.3",
        "contentHash": "HrC5BXdl00IP9zeV+0Z848QWPAoCr9P3bDEZguI+gkLcBKAOxix/tLEAAHC+UvDNPv4a2d18lOReHMOagPa+zQ=="
      },
      "Lumina": {
        "type": "Transitive",
        "resolved": "3.10.0",
        "contentHash": "OKDBlcz8VcapWCZjJWKoCq6iWjtooiN2WSu8ijP6hGtSTX03ksHuPFypSswur8KBCY9I6XYOYVBZ6IccFjrjnA=="
      }
    }
  }
}