{
  "version": 1,
  "dependencies": {
    "net7.0": {
      "Koenari.XIVCalc": {
        "type": "Direct",
        "requested": "[0.1.2, )",
        "resolved": "0.1.2",
        "contentHash": "IgAy4ard2i+9E1Y3x2LIIM7tV3SqD4ZIcYceo5RMAO/qR4RqxjOf4LPaKvfi5zxOsK1GrWwt6VwuwyusdV8mpQ==",
        "dependencies": {
          "Lumina.Excel": "6.2.1"
        }
      },
      "Lumina.Excel": {
        "type": "Direct",
        "requested": "[6.3.1, )",
        "resolved": "6.3.1",
        "contentHash": "GPj3GfE3ExU1Ob4ENTV/Xj/1+k9WkBaYPrZhGyPXVxILcQd2u2lmU2SmR+Uv9SbAGZD/Rbmuc5cmiHrZRW405w==",
        "dependencies": {
          "Lumina": "3.10.0"
        }
      },
      "Newtonsoft.Json": {
        "type": "Direct",
        "requested": "[13.0.2, )",
        "resolved": "13.0.2",
        "contentHash": "R2pZ3B0UjeyHShm9vG+Tu0EBb2lC8b0dFzV9gVn50ofHXh9Smjk6kTn7A/FdAsC8B5cKib1OnGYOXxRBz5XQDg=="
      },
      "Lumina": {
        "type": "Transitive",
        "resolved": "3.10.0",
        "contentHash": "OKDBlcz8VcapWCZjJWKoCq6iWjtooiN2WSu8ijP6hGtSTX03ksHuPFypSswur8KBCY9I6XYOYVBZ6IccFjrjnA=="
      }
    }
  }
}